
Microsoft Visual Studio Solution File, Format Version 12.00
# Visual Studio Version 17
VisualStudioVersion = 17.7.34031.279
MinimumVisualStudioVersion = 10.0.40219.1
Project("{FAE04EC0-301F-11D3-BF4B-00C04F79EFBC}") = "RadarrToPlex", "RadarrToPlex\RadarrToPlex.csproj", "{C0DF06EF-FB04-4361-9278-B4B53779F4DB}"
EndProject
Global
	GlobalSection(SolutionConfigurationPlatforms) = preSolution
		Debug|Any CPU = Debug|Any CPU
		Release|Any CPU = Release|Any CPU
	EndGlobalSection
	GlobalSection(ProjectConfigurationPlatforms) = postSolution
		{C0DF06EF-FB04-4361-9278-B4B53779F4DB}.Debug|Any CPU.ActiveCfg = Debug|Any CPU
		{C0DF06EF-FB04-4361-9278-B4B53779F4DB}.Debug|Any CPU.Build.0 = Debug|Any CPU
		{C0DF06EF-FB04-4361-9278-B4B53779F4DB}.Release|Any CPU.ActiveCfg = Release|Any CPU
		{C0DF06EF-FB04-4361-9278-B4B53779F4DB}.Release|Any CPU.Build.0 = Release|Any CPU
	EndGlobalSection
	GlobalSection(SolutionProperties) = preSolution
		HideSolutionNode = FALSE
	EndGlobalSection
	GlobalSection(ExtensibilityGlobals) = postSolution
		SolutionGuid = {09062995-318B-4205-9EE2-018E36821994}
	EndGlobalSection
EndGlobal
